// !$*UTF8*$!
{
	archiveVersion = 1;
	classes = {
	};
	objectVersion = 55;
	objects = {

/* Begin PBXBuildFile section */
		95247CD4287404C500D1E4A4 /* AppDelegate.swift in Sources */ = {isa = PBXBuildFile; fileRef = 95247CD3287404C500D1E4A4 /* AppDelegate.swift */; };
		95247CD6287404C500D1E4A4 /* SceneDelegate.swift in Sources */ = {isa = PBXBuildFile; fileRef = 95247CD5287404C500D1E4A4 /* SceneDelegate.swift */; };
		95247CDB287404C500D1E4A4 /* Main.storyboard in Resources */ = {isa = PBXBuildFile; fileRef = 95247CD9287404C500D1E4A4 /* Main.storyboard */; };
		95247CDD287404C600D1E4A4 /* Assets.xcassets in Resources */ = {isa = PBXBuildFile; fileRef = 95247CDC287404C600D1E4A4 /* Assets.xcassets */; };
		95247CE0287404C600D1E4A4 /* LaunchScreen.storyboard in Resources */ = {isa = PBXBuildFile; fileRef = 95247CDE287404C600D1E4A4 /* LaunchScreen.storyboard */; };
		95247CE8287406CA00D1E4A4 /* GoogleService-Info.plist in Resources */ = {isa = PBXBuildFile; fileRef = 95247CE7287406CA00D1E4A4 /* GoogleService-Info.plist */; };
		95247D31287510D600D1E4A4 /* LoginViewController.swift in Sources */ = {isa = PBXBuildFile; fileRef = 95247D30287510D600D1E4A4 /* LoginViewController.swift */; };
		95247D332875145900D1E4A4 /* AnswerViewController.swift in Sources */ = {isa = PBXBuildFile; fileRef = 95247D322875145900D1E4A4 /* AnswerViewController.swift */; };
		957EBD0B2876A20A00A13872 /* PKHUD in Frameworks */ = {isa = PBXBuildFile; productRef = 957EBD0A2876A20A00A13872 /* PKHUD */; };
		95ED97FC2877E48D0037CA7A /* answerTableViewCell.swift in Sources */ = {isa = PBXBuildFile; fileRef = 95ED97FA2877E48D0037CA7A /* answerTableViewCell.swift */; };
		95ED97FD2877E48D0037CA7A /* answerTableViewCell.xib in Resources */ = {isa = PBXBuildFile; fileRef = 95ED97FB2877E48D0037CA7A /* answerTableViewCell.xib */; };
		95ED97FF2877E5A00037CA7A /* AnswerCheckViewController.swift in Sources */ = {isa = PBXBuildFile; fileRef = 95ED97FE2877E5A00037CA7A /* AnswerCheckViewController.swift */; };
		C2F968D20D5FD5C9511A2B49 /* Pods_Firebase_DiaryApp.framework in Frameworks */ = {isa = PBXBuildFile; fileRef = 8F4DD3A0ECF50220E3FE5B0B /* Pods_Firebase_DiaryApp.framework */; };
/* End PBXBuildFile section */

/* Begin PBXFileReference section */
		014118C83613E66369B47D5B /* Pods-Firebase-DiaryApp.release.xcconfig */ = {isa = PBXFileReference; includeInIndex = 1; lastKnownFileType = text.xcconfig; name = "Pods-Firebase-DiaryApp.release.xcconfig"; path = "Target Support Files/Pods-Firebase-DiaryApp/Pods-Firebase-DiaryApp.release.xcconfig"; sourceTree = "<group>"; };
		8F4DD3A0ECF50220E3FE5B0B /* Pods_Firebase_DiaryApp.framework */ = {isa = PBXFileReference; explicitFileType = wrapper.framework; includeInIndex = 0; path = Pods_Firebase_DiaryApp.framework; sourceTree = BUILT_PRODUCTS_DIR; };
		95247CD0287404C500D1E4A4 /* Firebase-DiaryApp.app */ = {isa = PBXFileReference; explicitFileType = wrapper.application; includeInIndex = 0; path = "Firebase-DiaryApp.app"; sourceTree = BUILT_PRODUCTS_DIR; };
		95247CD3287404C500D1E4A4 /* AppDelegate.swift */ = {isa = PBXFileReference; lastKnownFileType = sourcecode.swift; path = AppDelegate.swift; sourceTree = "<group>"; };
		95247CD5287404C500D1E4A4 /* SceneDelegate.swift */ = {isa = PBXFileReference; lastKnownFileType = sourcecode.swift; path = SceneDelegate.swift; sourceTree = "<group>"; };
		95247CDA287404C500D1E4A4 /* Base */ = {isa = PBXFileReference; lastKnownFileType = file.storyboard; name = Base; path = Base.lproj/Main.storyboard; sourceTree = "<group>"; };
		95247CDC287404C600D1E4A4 /* Assets.xcassets */ = {isa = PBXFileReference; lastKnownFileType = folder.assetcatalog; path = Assets.xcassets; sourceTree = "<group>"; };
		95247CDF287404C600D1E4A4 /* Base */ = {isa = PBXFileReference; lastKnownFileType = file.storyboard; name = Base; path = Base.lproj/LaunchScreen.storyboard; sourceTree = "<group>"; };
		95247CE1287404C600D1E4A4 /* Info.plist */ = {isa = PBXFileReference; lastKnownFileType = text.plist.xml; path = Info.plist; sourceTree = "<group>"; };
		95247CE7287406CA00D1E4A4 /* GoogleService-Info.plist */ = {isa = PBXFileReference; fileEncoding = 4; lastKnownFileType = text.plist.xml; path = "GoogleService-Info.plist"; sourceTree = "<group>"; };
		95247D30287510D600D1E4A4 /* LoginViewController.swift */ = {isa = PBXFileReference; lastKnownFileType = sourcecode.swift; path = LoginViewController.swift; sourceTree = "<group>"; };
		95247D322875145900D1E4A4 /* AnswerViewController.swift */ = {isa = PBXFileReference; lastKnownFileType = sourcecode.swift; path = AnswerViewController.swift; sourceTree = "<group>"; };
		95ED97FA2877E48D0037CA7A /* answerTableViewCell.swift */ = {isa = PBXFileReference; lastKnownFileType = sourcecode.swift; path = answerTableViewCell.swift; sourceTree = "<group>"; };
		95ED97FB2877E48D0037CA7A /* answerTableViewCell.xib */ = {isa = PBXFileReference; lastKnownFileType = file.xib; path = answerTableViewCell.xib; sourceTree = "<group>"; };
		95ED97FE2877E5A00037CA7A /* AnswerCheckViewController.swift */ = {isa = PBXFileReference; lastKnownFileType = sourcecode.swift; path = AnswerCheckViewController.swift; sourceTree = "<group>"; };
		9F536230B3ECF83EC0105640 /* Pods-Firebase-DiaryApp.debug.xcconfig */ = {isa = PBXFileReference; includeInIndex = 1; lastKnownFileType = text.xcconfig; name = "Pods-Firebase-DiaryApp.debug.xcconfig"; path = "Target Support Files/Pods-Firebase-DiaryApp/Pods-Firebase-DiaryApp.debug.xcconfig"; sourceTree = "<group>"; };
/* End PBXFileReference section */

/* Begin PBXFrameworksBuildPhase section */
		95247CCD287404C500D1E4A4 /* Frameworks */ = {
			isa = PBXFrameworksBuildPhase;
			buildActionMask = 2147483647;
			files = (
				C2F968D20D5FD5C9511A2B49 /* Pods_Firebase_DiaryApp.framework in Frameworks */,
				957EBD0B2876A20A00A13872 /* PKHUD in Frameworks */,
			);
			runOnlyForDeploymentPostprocessing = 0;
		};
/* End PBXFrameworksBuildPhase section */

/* Begin PBXGroup section */
		864C2C6586FE6796AD8EF9A8 /* Frameworks */ = {
			isa = PBXGroup;
			children = (
				8F4DD3A0ECF50220E3FE5B0B /* Pods_Firebase_DiaryApp.framework */,
			);
			name = Frameworks;
			sourceTree = "<group>";
		};
		95247CC7287404C500D1E4A4 = {
			isa = PBXGroup;
			children = (
				95247CD2287404C500D1E4A4 /* Firebase-DiaryApp */,
				95247CD1287404C500D1E4A4 /* Products */,
				E48D46FBA05E87AF61E19A7A /* Pods */,
				864C2C6586FE6796AD8EF9A8 /* Frameworks */,
			);
			sourceTree = "<group>";
		};
		95247CD1287404C500D1E4A4 /* Products */ = {
			isa = PBXGroup;
			children = (
				95247CD0287404C500D1E4A4 /* Firebase-DiaryApp.app */,
			);
			name = Products;
			sourceTree = "<group>";
		};
		95247CD2287404C500D1E4A4 /* Firebase-DiaryApp */ = {
			isa = PBXGroup;
			children = (
				95ED98002877E5A60037CA7A /* Model */,
				95ED98012877E5AC0037CA7A /* View */,
				95ED98022877E5B10037CA7A /* Controller */,
				95247CDC287404C600D1E4A4 /* Assets.xcassets */,
				95247CDE287404C600D1E4A4 /* LaunchScreen.storyboard */,
				95247CE1287404C600D1E4A4 /* Info.plist */,
				95247CE7287406CA00D1E4A4 /* GoogleService-Info.plist */,
			);
			path = "Firebase-DiaryApp";
			sourceTree = "<group>";
		};
		95ED98002877E5A60037CA7A /* Model */ = {
			isa = PBXGroup;
			children = (
			);
			path = Model;
			sourceTree = "<group>";
		};
		95ED98012877E5AC0037CA7A /* View */ = {
			isa = PBXGroup;
			children = (
				95ED97FB2877E48D0037CA7A /* answerTableViewCell.xib */,
				95ED97FA2877E48D0037CA7A /* answerTableViewCell.swift */,
				95247CD9287404C500D1E4A4 /* Main.storyboard */,
			);
			path = View;
			sourceTree = "<group>";
		};
		95ED98022877E5B10037CA7A /* Controller */ = {
			isa = PBXGroup;
			children = (
				95ED97FE2877E5A00037CA7A /* AnswerCheckViewController.swift */,
				95247D30287510D600D1E4A4 /* LoginViewController.swift */,
				95247CD5287404C500D1E4A4 /* SceneDelegate.swift */,
				95247D322875145900D1E4A4 /* AnswerViewController.swift */,
				95247CD3287404C500D1E4A4 /* AppDelegate.swift */,
			);
			path = Controller;
			sourceTree = "<group>";
		};
		E48D46FBA05E87AF61E19A7A /* Pods */ = {
			isa = PBXGroup;
			children = (
				9F536230B3ECF83EC0105640 /* Pods-Firebase-DiaryApp.debug.xcconfig */,
				014118C83613E66369B47D5B /* Pods-Firebase-DiaryApp.release.xcconfig */,
			);
			path = Pods;
			sourceTree = "<group>";
		};
/* End PBXGroup section */

/* Begin PBXNativeTarget section */
		95247CCF287404C500D1E4A4 /* Firebase-DiaryApp */ = {
			isa = PBXNativeTarget;
			buildConfigurationList = 95247CE4287404C600D1E4A4 /* Build configuration list for PBXNativeTarget "Firebase-DiaryApp" */;
			buildPhases = (
				E2BA4454086706D8CF2352E5 /* [CP] Check Pods Manifest.lock */,
				95247CCC287404C500D1E4A4 /* Sources */,
				95247CCD287404C500D1E4A4 /* Frameworks */,
				95247CCE287404C500D1E4A4 /* Resources */,
				20C08ABE1EF2B5A864B1964C /* [CP] Embed Pods Frameworks */,
			);
			buildRules = (
			);
			dependencies = (
			);
			name = "Firebase-DiaryApp";
			packageProductDependencies = (
				957EBD0A2876A20A00A13872 /* PKHUD */,
			);
			productName = "Firebase-DiaryApp";
			productReference = 95247CD0287404C500D1E4A4 /* Firebase-DiaryApp.app */;
			productType = "com.apple.product-type.application";
		};
/* End PBXNativeTarget section */

/* Begin PBXProject section */
		95247CC8287404C500D1E4A4 /* Project object */ = {
			isa = PBXProject;
			attributes = {
				BuildIndependentTargetsInParallel = 1;
				LastSwiftUpdateCheck = 1340;
				LastUpgradeCheck = 1340;
				TargetAttributes = {
					95247CCF287404C500D1E4A4 = {
						CreatedOnToolsVersion = 13.4.1;
					};
				};
			};
			buildConfigurationList = 95247CCB287404C500D1E4A4 /* Build configuration list for PBXProject "Firebase-DiaryApp" */;
			compatibilityVersion = "Xcode 13.0";
			developmentRegion = en;
			hasScannedForEncodings = 0;
			knownRegions = (
				en,
				Base,
			);
			mainGroup = 95247CC7287404C500D1E4A4;
			packageReferences = (
				957EBD092876A20A00A13872 /* XCRemoteSwiftPackageReference "PKHUD" */,
			);
			productRefGroup = 95247CD1287404C500D1E4A4 /* Products */;
			projectDirPath = "";
			projectRoot = "";
			targets = (
				95247CCF287404C500D1E4A4 /* Firebase-DiaryApp */,
			);
		};
/* End PBXProject section */

/* Begin PBXResourcesBuildPhase section */
		95247CCE287404C500D1E4A4 /* Resources */ = {
			isa = PBXResourcesBuildPhase;
			buildActionMask = 2147483647;
			files = (
				95247CE0287404C600D1E4A4 /* LaunchScreen.storyboard in Resources */,
				95247CDD287404C600D1E4A4 /* Assets.xcassets in Resources */,
				95247CDB287404C500D1E4A4 /* Main.storyboard in Resources */,
				95247CE8287406CA00D1E4A4 /* GoogleService-Info.plist in Resources */,
				95ED97FD2877E48D0037CA7A /* answerTableViewCell.xib in Resources */,
			);
			runOnlyForDeploymentPostprocessing = 0;
		};
/* End PBXResourcesBuildPhase section */

/* Begin PBXShellScriptBuildPhase section */
		20C08ABE1EF2B5A864B1964C /* [CP] Embed Pods Frameworks */ = {
			isa = PBXShellScriptBuildPhase;
			buildActionMask = 2147483647;
			files = (
			);
			inputFileListPaths = (
				"${PODS_ROOT}/Target Support Files/Pods-Firebase-DiaryApp/Pods-Firebase-DiaryApp-frameworks-${CONFIGURATION}-input-files.xcfilelist",
			);
			name = "[CP] Embed Pods Frameworks";
			outputFileListPaths = (
				"${PODS_ROOT}/Target Support Files/Pods-Firebase-DiaryApp/Pods-Firebase-DiaryApp-frameworks-${CONFIGURATION}-output-files.xcfilelist",
			);
			runOnlyForDeploymentPostprocessing = 0;
			shellPath = /bin/sh;
			shellScript = "\"${PODS_ROOT}/Target Support Files/Pods-Firebase-DiaryApp/Pods-Firebase-DiaryApp-frameworks.sh\"\n";
			showEnvVarsInLog = 0;
		};
		E2BA4454086706D8CF2352E5 /* [CP] Check Pods Manifest.lock */ = {
			isa = PBXShellScriptBuildPhase;
			buildActionMask = 2147483647;
			files = (
			);
			inputFileListPaths = (
			);
			inputPaths = (
				"${PODS_PODFILE_DIR_PATH}/Podfile.lock",
				"${PODS_ROOT}/Manifest.lock",
			);
			name = "[CP] Check Pods Manifest.lock";
			outputFileListPaths = (
			);
			outputPaths = (
				"$(DERIVED_FILE_DIR)/Pods-Firebase-DiaryApp-checkManifestLockResult.txt",
			);
			runOnlyForDeploymentPostprocessing = 0;
			shellPath = /bin/sh;
			shellScript = "diff \"${PODS_PODFILE_DIR_PATH}/Podfile.lock\" \"${PODS_ROOT}/Manifest.lock\" > /dev/null\nif [ $? != 0 ] ; then\n    # print error to STDERR\n    echo \"error: The sandbox is not in sync with the Podfile.lock. Run 'pod install' or update your CocoaPods installation.\" >&2\n    exit 1\nfi\n# This output is used by Xcode 'outputs' to avoid re-running this script phase.\necho \"SUCCESS\" > \"${SCRIPT_OUTPUT_FILE_0}\"\n";
			showEnvVarsInLog = 0;
		};
/* End PBXShellScriptBuildPhase section */

/* Begin PBXSourcesBuildPhase section */
		95247CCC287404C500D1E4A4 /* Sources */ = {
			isa = PBXSourcesBuildPhase;
			buildActionMask = 2147483647;
			files = (
				95247D332875145900D1E4A4 /* AnswerViewController.swift in Sources */,
				95ED97FF2877E5A00037CA7A /* AnswerCheckViewController.swift in Sources */,
				95247D31287510D600D1E4A4 /* LoginViewController.swift in Sources */,
				95247CD4287404C500D1E4A4 /* AppDelegate.swift in Sources */,
				95247CD6287404C500D1E4A4 /* SceneDelegate.swift in Sources */,
				95ED97FC2877E48D0037CA7A /* answerTableViewCell.swift in Sources */,
			);
			runOnlyForDeploymentPostprocessing = 0;
		};
/* End PBXSourcesBuildPhase section */

/* Begin PBXVariantGroup section */
		95247CD9287404C500D1E4A4 /* Main.storyboard */ = {
			isa = PBXVariantGroup;
			children = (
				95247CDA287404C500D1E4A4 /* Base */,
			);
			name = Main.storyboard;
			sourceTree = "<group>";
		};
		95247CDE287404C600D1E4A4 /* LaunchScreen.storyboard */ = {
			isa = PBXVariantGroup;
			children = (
				95247CDF287404C600D1E4A4 /* Base */,
			);
			name = LaunchScreen.storyboard;
			sourceTree = "<group>";
		};
/* End PBXVariantGroup section */

/* Begin XCBuildConfiguration section */
		95247CE2287404C600D1E4A4 /* Debug */ = {
			isa = XCBuildConfiguration;
			buildSettings = {
				ALWAYS_SEARCH_USER_PATHS = NO;
				CLANG_ANALYZER_NONNULL = YES;
				CLANG_ANALYZER_NUMBER_OBJECT_CONVERSION = YES_AGGRESSIVE;
				CLANG_CXX_LANGUAGE_STANDARD = "gnu++17";
				CLANG_ENABLE_MODULES = YES;
				CLANG_ENABLE_OBJC_ARC = YES;
				CLANG_ENABLE_OBJC_WEAK = YES;
				CLANG_WARN_BLOCK_CAPTURE_AUTORELEASING = YES;
				CLANG_WARN_BOOL_CONVERSION = YES;
				CLANG_WARN_COMMA = YES;
				CLANG_WARN_CONSTANT_CONVERSION = YES;
				CLANG_WARN_DEPRECATED_OBJC_IMPLEMENTATIONS = YES;
				CLANG_WARN_DIRECT_OBJC_ISA_USAGE = YES_ERROR;
				CLANG_WARN_DOCUMENTATION_COMMENTS = YES;
				CLANG_WARN_EMPTY_BODY = YES;
				CLANG_WARN_ENUM_CONVERSION = YES;
				CLANG_WARN_INFINITE_RECURSION = YES;
				CLANG_WARN_INT_CONVERSION = YES;
				CLANG_WARN_NON_LITERAL_NULL_CONVERSION = YES;
				CLANG_WARN_OBJC_IMPLICIT_RETAIN_SELF = YES;
				CLANG_WARN_OBJC_LITERAL_CONVERSION = YES;
				CLANG_WARN_OBJC_ROOT_CLASS = YES_ERROR;
				CLANG_WARN_QUOTED_INCLUDE_IN_FRAMEWORK_HEADER = YES;
				CLANG_WARN_RANGE_LOOP_ANALYSIS = YES;
				CLANG_WARN_STRICT_PROTOTYPES = YES;
				CLANG_WARN_SUSPICIOUS_MOVE = YES;
				CLANG_WARN_UNGUARDED_AVAILABILITY = YES_AGGRESSIVE;
				CLANG_WARN_UNREACHABLE_CODE = YES;
				CLANG_WARN__DUPLICATE_METHOD_MATCH = YES;
				COPY_PHASE_STRIP = NO;
				DEBUG_INFORMATION_FORMAT = dwarf;
				ENABLE_STRICT_OBJC_MSGSEND = YES;
				ENABLE_TESTABILITY = YES;
				GCC_C_LANGUAGE_STANDARD = gnu11;
				GCC_DYNAMIC_NO_PIC = NO;
				GCC_NO_COMMON_BLOCKS = YES;
				GCC_OPTIMIZATION_LEVEL = 0;
				GCC_PREPROCESSOR_DEFINITIONS = (
					"DEBUG=1",
					"$(inherited)",
				);
				GCC_WARN_64_TO_32_BIT_CONVERSION = YES;
				GCC_WARN_ABOUT_RETURN_TYPE = YES_ERROR;
				GCC_WARN_UNDECLARED_SELECTOR = YES;
				GCC_WARN_UNINITIALIZED_AUTOS = YES_AGGRESSIVE;
				GCC_WARN_UNUSED_FUNCTION = YES;
				GCC_WARN_UNUSED_VARIABLE = YES;
				IPHONEOS_DEPLOYMENT_TARGET = 15.5;
				MTL_ENABLE_DEBUG_INFO = INCLUDE_SOURCE;
				MTL_FAST_MATH = YES;
				ONLY_ACTIVE_ARCH = YES;
				SDKROOT = iphoneos;
				SWIFT_ACTIVE_COMPILATION_CONDITIONS = DEBUG;
				SWIFT_OPTIMIZATION_LEVEL = "-Onone";
			};
			name = Debug;
		};
		95247CE3287404C600D1E4A4 /* Release */ = {
			isa = XCBuildConfiguration;
			buildSettings = {
				ALWAYS_SEARCH_USER_PATHS = NO;
				CLANG_ANALYZER_NONNULL = YES;
				CLANG_ANALYZER_NUMBER_OBJECT_CONVERSION = YES_AGGRESSIVE;
				CLANG_CXX_LANGUAGE_STANDARD = "gnu++17";
				CLANG_ENABLE_MODULES = YES;
				CLANG_ENABLE_OBJC_ARC = YES;
				CLANG_ENABLE_OBJC_WEAK = YES;
				CLANG_WARN_BLOCK_CAPTURE_AUTORELEASING = YES;
				CLANG_WARN_BOOL_CONVERSION = YES;
				CLANG_WARN_COMMA = YES;
				CLANG_WARN_CONSTANT_CONVERSION = YES;
				CLANG_WARN_DEPRECATED_OBJC_IMPLEMENTATIONS = YES;
				CLANG_WARN_DIRECT_OBJC_ISA_USAGE = YES_ERROR;
				CLANG_WARN_DOCUMENTATION_COMMENTS = YES;
				CLANG_WARN_EMPTY_BODY = YES;
				CLANG_WARN_ENUM_CONVERSION = YES;
				CLANG_WARN_INFINITE_RECURSION = YES;
				CLANG_WARN_INT_CONVERSION = YES;
				CLANG_WARN_NON_LITERAL_NULL_CONVERSION = YES;
				CLANG_WARN_OBJC_IMPLICIT_RETAIN_SELF = YES;
				CLANG_WARN_OBJC_LITERAL_CONVERSION = YES;
				CLANG_WARN_OBJC_ROOT_CLASS = YES_ERROR;
				CLANG_WARN_QUOTED_INCLUDE_IN_FRAMEWORK_HEADER = YES;
				CLANG_WARN_RANGE_LOOP_ANALYSIS = YES;
				CLANG_WARN_STRICT_PROTOTYPES = YES;
				CLANG_WARN_SUSPICIOUS_MOVE = YES;
				CLANG_WARN_UNGUARDED_AVAILABILITY = YES_AGGRESSIVE;
				CLANG_WARN_UNREACHABLE_CODE = YES;
				CLANG_WARN__DUPLICATE_METHOD_MATCH = YES;
				COPY_PHASE_STRIP = NO;
				DEBUG_INFORMATION_FORMAT = "dwarf-with-dsym";
				ENABLE_NS_ASSERTIONS = NO;
				ENABLE_STRICT_OBJC_MSGSEND = YES;
				GCC_C_LANGUAGE_STANDARD = gnu11;
				GCC_NO_COMMON_BLOCKS = YES;
				GCC_WARN_64_TO_32_BIT_CONVERSION = YES;
				GCC_WARN_ABOUT_RETURN_TYPE = YES_ERROR;
				GCC_WARN_UNDECLARED_SELECTOR = YES;
				GCC_WARN_UNINITIALIZED_AUTOS = YES_AGGRESSIVE;
				GCC_WARN_UNUSED_FUNCTION = YES;
				GCC_WARN_UNUSED_VARIABLE = YES;
				IPHONEOS_DEPLOYMENT_TARGET = 15.5;
				MTL_ENABLE_DEBUG_INFO = NO;
				MTL_FAST_MATH = YES;
				SDKROOT = iphoneos;
				SWIFT_COMPILATION_MODE = wholemodule;
				SWIFT_OPTIMIZATION_LEVEL = "-O";
				VALIDATE_PRODUCT = YES;
			};
			name = Release;
		};
		95247CE5287404C600D1E4A4 /* Debug */ = {
			isa = XCBuildConfiguration;
			baseConfigurationReference = 9F536230B3ECF83EC0105640 /* Pods-Firebase-DiaryApp.debug.xcconfig */;
			buildSettings = {
				ASSETCATALOG_COMPILER_APPICON_NAME = AppIcon;
				ASSETCATALOG_COMPILER_GLOBAL_ACCENT_COLOR_NAME = AccentColor;
				CODE_SIGN_STYLE = Automatic;
				CURRENT_PROJECT_VERSION = 1;
				DEVELOPMENT_TEAM = 7X9S244452;
				GENERATE_INFOPLIST_FILE = YES;
				INFOPLIST_FILE = "Firebase-DiaryApp/Info.plist";
				INFOPLIST_KEY_UIApplicationSupportsIndirectInputEvents = YES;
				INFOPLIST_KEY_UILaunchStoryboardName = LaunchScreen;
				INFOPLIST_KEY_UIMainStoryboardFile = Main;
				INFOPLIST_KEY_UISupportedInterfaceOrientations_iPad = "UIInterfaceOrientationPortrait UIInterfaceOrientationPortraitUpsideDown UIInterfaceOrientationLandscapeLeft UIInterfaceOrientationLandscapeRight";
				INFOPLIST_KEY_UISupportedInterfaceOrientations_iPhone = "UIInterfaceOrientationPortrait UIInterfaceOrientationLandscapeLeft UIInterfaceOrientationLandscapeRight";
				LD_RUNPATH_SEARCH_PATHS = (
					"$(inherited)",
					"@executable_path/Frameworks",
				);
				MARKETING_VERSION = 1.0;
				PRODUCT_BUNDLE_IDENTIFIER = "com.mkondo.Firebase-DiaryApp";
				PRODUCT_NAME = "$(TARGET_NAME)";
				SWIFT_EMIT_LOC_STRINGS = YES;
				SWIFT_VERSION = 5.0;
				TARGETED_DEVICE_FAMILY = "1,2";
			};
			name = Debug;
		};
		95247CE6287404C600D1E4A4 /* Release */ = {
			isa = XCBuildConfiguration;
			baseConfigurationReference = 014118C83613E66369B47D5B /* Pods-Firebase-DiaryApp.release.xcconfig */;
			buildSettings = {
				ASSETCATALOG_COMPILER_APPICON_NAME = AppIcon;
				ASSETCATALOG_COMPILER_GLOBAL_ACCENT_COLOR_NAME = AccentColor;
				CODE_SIGN_STYLE = Automatic;
				CURRENT_PROJECT_VERSION = 1;
				DEVELOPMENT_TEAM = 7X9S244452;
				GENERATE_INFOPLIST_FILE = YES;
				INFOPLIST_FILE = "Firebase-DiaryApp/Info.plist";
				INFOPLIST_KEY_UIApplicationSupportsIndirectInputEvents = YES;
				INFOPLIST_KEY_UILaunchStoryboardName = LaunchScreen;
				INFOPLIST_KEY_UIMainStoryboardFile = Main;
				INFOPLIST_KEY_UISupportedInterfaceOrientations_iPad = "UIInterfaceOrientationPortrait UIInterfaceOrientationPortraitUpsideDown UIInterfaceOrientationLandscapeLeft UIInterfaceOrientationLandscapeRight";
				INFOPLIST_KEY_UISupportedInterfaceOrientations_iPhone = "UIInterfaceOrientationPortrait UIInterfaceOrientationLandscapeLeft UIInterfaceOrientationLandscapeRight";
				LD_RUNPATH_SEARCH_PATHS = (
					"$(inherited)",
					"@executable_path/Frameworks",
				);
				MARKETING_VERSION = 1.0;
				PRODUCT_BUNDLE_IDENTIFIER = "com.mkondo.Firebase-DiaryApp";
				PRODUCT_NAME = "$(TARGET_NAME)";
				SWIFT_EMIT_LOC_STRINGS = YES;
				SWIFT_VERSION = 5.0;
				TARGETED_DEVICE_FAMILY = "1,2";
			};
			name = Release;
		};
/* End XCBuildConfiguration section */

/* Begin XCConfigurationList section */
		95247CCB287404C500D1E4A4 /* Build configuration list for PBXProject "Firebase-DiaryApp" */ = {
			isa = XCConfigurationList;
			buildConfigurations = (
				95247CE2287404C600D1E4A4 /* Debug */,
				95247CE3287404C600D1E4A4 /* Release */,
			);
			defaultConfigurationIsVisible = 0;
			defaultConfigurationName = Release;
		};
		95247CE4287404C600D1E4A4 /* Build configuration list for PBXNativeTarget "Firebase-DiaryApp" */ = {
			isa = XCConfigurationList;
			buildConfigurations = (
				95247CE5287404C600D1E4A4 /* Debug */,
				95247CE6287404C600D1E4A4 /* Release */,
			);
			defaultConfigurationIsVisible = 0;
			defaultConfigurationName = Release;
		};
/* End XCConfigurationList section */

/* Begin XCRemoteSwiftPackageReference section */
		957EBD092876A20A00A13872 /* XCRemoteSwiftPackageReference "PKHUD" */ = {
			isa = XCRemoteSwiftPackageReference;
			repositoryURL = "https://github.com/pkluz/PKHUD";
			requirement = {
				kind = upToNextMajorVersion;
				minimumVersion = 5.0.0;
			};
		};
/* End XCRemoteSwiftPackageReference section */

/* Begin XCSwiftPackageProductDependency section */
		957EBD0A2876A20A00A13872 /* PKHUD */ = {
			isa = XCSwiftPackageProductDependency;
			package = 957EBD092876A20A00A13872 /* XCRemoteSwiftPackageReference "PKHUD" */;
			productName = PKHUD;
		};
/* End XCSwiftPackageProductDependency section */
	};
	rootObject = 95247CC8287404C500D1E4A4 /* Project object */;
}
